// !$*UTF8*$!
{
	archiveVersion = 1;
	classes = {
	};
	objectVersion = 50;
	objects = {

/* Begin PBXBuildFile section */
		E430207625F32B45006228BE /* AppDelegate.swift in Sources */ = {isa = PBXBuildFile; fileRef = E430207525F32B45006228BE /* AppDelegate.swift */; };
		E430207825F32B45006228BE /* ContentView.swift in Sources */ = {isa = PBXBuildFile; fileRef = E430207725F32B45006228BE /* ContentView.swift */; };
		E430207C25F32B49006228BE /* Assets.xcassets in Resources */ = {isa = PBXBuildFile; fileRef = E430207B25F32B49006228BE /* Assets.xcassets */; };
		E430207F25F32B49006228BE /* Preview Assets.xcassets in Resources */ = {isa = PBXBuildFile; fileRef = E430207E25F32B49006228BE /* Preview Assets.xcassets */; };
		E430208925F32DCB006228BE /* ARDetectFaceView.swift in Sources */ = {isa = PBXBuildFile; fileRef = E430208825F32DCB006228BE /* ARDetectFaceView.swift */; };
		E482263F25F66FEB00B9E749 /* DetectFaceController.swift in Sources */ = {isa = PBXBuildFile; fileRef = E482263E25F66FEB00B9E749 /* DetectFaceController.swift */; };
		E482264325F6747D00B9E749 /* Object.swift in Sources */ = {isa = PBXBuildFile; fileRef = E482264225F6747D00B9E749 /* Object.swift */; };
		E482264625F6761300B9E749 /* DetectFacePieyonController.swift in Sources */ = {isa = PBXBuildFile; fileRef = E482264525F6761300B9E749 /* DetectFacePieyonController.swift */; };
		E488C52B25F3331400DF48A3 /* MyScene.rcproject in Sources */ = {isa = PBXBuildFile; fileRef = E430209025F3327C006228BE /* MyScene.rcproject */; };
		E488C52F25F3390D00DF48A3 /* CommonFloat.swift in Sources */ = {isa = PBXBuildFile; fileRef = E488C52E25F3390D00DF48A3 /* CommonFloat.swift */; };
		E488C53325F3412E00DF48A3 /* CommonEntity.swift in Sources */ = {isa = PBXBuildFile; fileRef = E488C53225F3412E00DF48A3 /* CommonEntity.swift */; };
		E488C53725F4644900DF48A3 /* MenuView.swift in Sources */ = {isa = PBXBuildFile; fileRef = E488C53625F4644900DF48A3 /* MenuView.swift */; };
		E488C53C25F4CD4300DF48A3 /* MenuItem.swift in Sources */ = {isa = PBXBuildFile; fileRef = E488C53B25F4CD4300DF48A3 /* MenuItem.swift */; };
/* End PBXBuildFile section */

/* Begin PBXFileReference section */
		E430207225F32B45006228BE /* DetectFacialexpressions.app */ = {isa = PBXFileReference; explicitFileType = wrapper.application; includeInIndex = 0; path = DetectFacialexpressions.app; sourceTree = BUILT_PRODUCTS_DIR; };
		E430207525F32B45006228BE /* AppDelegate.swift */ = {isa = PBXFileReference; lastKnownFileType = sourcecode.swift; path = AppDelegate.swift; sourceTree = "<group>"; };
		E430207725F32B45006228BE /* ContentView.swift */ = {isa = PBXFileReference; lastKnownFileType = sourcecode.swift; path = ContentView.swift; sourceTree = "<group>"; };
		E430207B25F32B49006228BE /* Assets.xcassets */ = {isa = PBXFileReference; lastKnownFileType = folder.assetcatalog; path = Assets.xcassets; sourceTree = "<group>"; };
		E430207E25F32B49006228BE /* Preview Assets.xcassets */ = {isa = PBXFileReference; lastKnownFileType = folder.assetcatalog; path = "Preview Assets.xcassets"; sourceTree = "<group>"; };
		E430208025F32B49006228BE /* Info.plist */ = {isa = PBXFileReference; lastKnownFileType = text.plist.xml; path = Info.plist; sourceTree = "<group>"; };
		E430208825F32DCB006228BE /* ARDetectFaceView.swift */ = {isa = PBXFileReference; lastKnownFileType = sourcecode.swift; path = ARDetectFaceView.swift; sourceTree = "<group>"; };
		E430209025F3327C006228BE /* MyScene.rcproject */ = {isa = PBXFileReference; lastKnownFileType = file.rcproject; path = MyScene.rcproject; sourceTree = "<group>"; };
		E482263E25F66FEB00B9E749 /* DetectFaceController.swift */ = {isa = PBXFileReference; lastKnownFileType = sourcecode.swift; path = DetectFaceController.swift; sourceTree = "<group>"; };
		E482264225F6747D00B9E749 /* Object.swift */ = {isa = PBXFileReference; lastKnownFileType = sourcecode.swift; path = Object.swift; sourceTree = "<group>"; };
		E482264525F6761300B9E749 /* DetectFacePieyonController.swift */ = {isa = PBXFileReference; lastKnownFileType = sourcecode.swift; path = DetectFacePieyonController.swift; sourceTree = "<group>"; };
		E488C52E25F3390D00DF48A3 /* CommonFloat.swift */ = {isa = PBXFileReference; lastKnownFileType = sourcecode.swift; path = CommonFloat.swift; sourceTree = "<group>"; };
		E488C53225F3412E00DF48A3 /* CommonEntity.swift */ = {isa = PBXFileReference; lastKnownFileType = sourcecode.swift; path = CommonEntity.swift; sourceTree = "<group>"; };
		E488C53625F4644900DF48A3 /* MenuView.swift */ = {isa = PBXFileReference; lastKnownFileType = sourcecode.swift; path = MenuView.swift; sourceTree = "<group>"; };
		E488C53B25F4CD4300DF48A3 /* MenuItem.swift */ = {isa = PBXFileReference; lastKnownFileType = sourcecode.swift; path = MenuItem.swift; sourceTree = "<group>"; };
/* End PBXFileReference section */

/* Begin PBXFrameworksBuildPhase section */
		E430206F25F32B45006228BE /* Frameworks */ = {
			isa = PBXFrameworksBuildPhase;
			buildActionMask = 2147483647;
			files = (
			);
			runOnlyForDeploymentPostprocessing = 0;
		};
/* End PBXFrameworksBuildPhase section */

/* Begin PBXGroup section */
		E430206925F32B45006228BE = {
			isa = PBXGroup;
			children = (
				E430207425F32B45006228BE /* DetectFacialexpressions */,
				E430207325F32B45006228BE /* Products */,
			);
			sourceTree = "<group>";
		};
		E430207325F32B45006228BE /* Products */ = {
			isa = PBXGroup;
			children = (
				E430207225F32B45006228BE /* DetectFacialexpressions.app */,
			);
			name = Products;
			sourceTree = "<group>";
		};
		E430207425F32B45006228BE /* DetectFacialexpressions */ = {
			isa = PBXGroup;
			children = (
				E482263D25F66F7600B9E749 /* VirtualContentController */,
				E488C53A25F4CD1D00DF48A3 /* Constant */,
				E488C53525F4642200DF48A3 /* SwiftUI */,
				E488C52D25F338FA00DF48A3 /* Common */,
				E430208725F32D79006228BE /* ARView */,
				E430207525F32B45006228BE /* AppDelegate.swift */,
				E430207725F32B45006228BE /* ContentView.swift */,
				E430207B25F32B49006228BE /* Assets.xcassets */,
				E430208025F32B49006228BE /* Info.plist */,
				E430207D25F32B49006228BE /* Preview Content */,
				E430209025F3327C006228BE /* MyScene.rcproject */,
			);
			path = DetectFacialexpressions;
			sourceTree = "<group>";
		};
		E430207D25F32B49006228BE /* Preview Content */ = {
			isa = PBXGroup;
			children = (
				E430207E25F32B49006228BE /* Preview Assets.xcassets */,
			);
			path = "Preview Content";
			sourceTree = "<group>";
		};
		E430208725F32D79006228BE /* ARView */ = {
			isa = PBXGroup;
			children = (
				E430208825F32DCB006228BE /* ARDetectFaceView.swift */,
			);
			path = ARView;
			sourceTree = "<group>";
		};
		E482263D25F66F7600B9E749 /* VirtualContentController */ = {
			isa = PBXGroup;
			children = (
				E482263E25F66FEB00B9E749 /* DetectFaceController.swift */,
				E482264525F6761300B9E749 /* DetectFacePieyonController.swift */,
			);
			path = VirtualContentController;
			sourceTree = "<group>";
		};
		E488C52D25F338FA00DF48A3 /* Common */ = {
			isa = PBXGroup;
			children = (
				E488C52E25F3390D00DF48A3 /* CommonFloat.swift */,
				E488C53225F3412E00DF48A3 /* CommonEntity.swift */,
			);
			path = Common;
			sourceTree = "<group>";
		};
		E488C53525F4642200DF48A3 /* SwiftUI */ = {
			isa = PBXGroup;
			children = (
				E488C53625F4644900DF48A3 /* MenuView.swift */,
			);
			path = SwiftUI;
			sourceTree = "<group>";
		};
		E488C53A25F4CD1D00DF48A3 /* Constant */ = {
			isa = PBXGroup;
			children = (
				E488C53B25F4CD4300DF48A3 /* MenuItem.swift */,
				E482264225F6747D00B9E749 /* Object.swift */,
			);
			path = Constant;
			sourceTree = "<group>";
		};
/* End PBXGroup section */

/* Begin PBXNativeTarget section */
		E430207125F32B45006228BE /* DetectFacialexpressions */ = {
			isa = PBXNativeTarget;
			buildConfigurationList = E430208325F32B49006228BE /* Build configuration list for PBXNativeTarget "DetectFacialexpressions" */;
			buildPhases = (
				E430206E25F32B45006228BE /* Sources */,
				E430206F25F32B45006228BE /* Frameworks */,
				E430207025F32B45006228BE /* Resources */,
			);
			buildRules = (
			);
			dependencies = (
			);
			name = DetectFacialexpressions;
			productName = DetectFacialexpressions;
			productReference = E430207225F32B45006228BE /* DetectFacialexpressions.app */;
			productType = "com.apple.product-type.application";
		};
/* End PBXNativeTarget section */

/* Begin PBXProject section */
		E430206A25F32B45006228BE /* Project object */ = {
			isa = PBXProject;
			attributes = {
				LastSwiftUpdateCheck = 1240;
				LastUpgradeCheck = 1240;
				TargetAttributes = {
					E430207125F32B45006228BE = {
						CreatedOnToolsVersion = 12.4;
					};
				};
			};
			buildConfigurationList = E430206D25F32B45006228BE /* Build configuration list for PBXProject "DetectFacialexpressions" */;
			compatibilityVersion = "Xcode 9.3";
			developmentRegion = en;
			hasScannedForEncodings = 0;
			knownRegions = (
				en,
				Base,
			);
			mainGroup = E430206925F32B45006228BE;
			productRefGroup = E430207325F32B45006228BE /* Products */;
			projectDirPath = "";
			projectRoot = "";
			targets = (
				E430207125F32B45006228BE /* DetectFacialexpressions */,
			);
		};
/* End PBXProject section */

/* Begin PBXResourcesBuildPhase section */
		E430207025F32B45006228BE /* Resources */ = {
			isa = PBXResourcesBuildPhase;
			buildActionMask = 2147483647;
			files = (
				E430207F25F32B49006228BE /* Preview Assets.xcassets in Resources */,
				E430207C25F32B49006228BE /* Assets.xcassets in Resources */,
			);
			runOnlyForDeploymentPostprocessing = 0;
		};
/* End PBXResourcesBuildPhase section */

/* Begin PBXSourcesBuildPhase section */
		E430206E25F32B45006228BE /* Sources */ = {
			isa = PBXSourcesBuildPhase;
			buildActionMask = 2147483647;
			files = (
				E482264325F6747D00B9E749 /* Object.swift in Sources */,
				E488C53725F4644900DF48A3 /* MenuView.swift in Sources */,
				E488C52B25F3331400DF48A3 /* MyScene.rcproject in Sources */,
				E488C53325F3412E00DF48A3 /* CommonEntity.swift in Sources */,
				E430207825F32B45006228BE /* ContentView.swift in Sources */,
				E488C52F25F3390D00DF48A3 /* CommonFloat.swift in Sources */,
				E488C53C25F4CD4300DF48A3 /* MenuItem.swift in Sources */,
				E482264625F6761300B9E749 /* DetectFacePieyonController.swift in Sources */,
				E430207625F32B45006228BE /* AppDelegate.swift in Sources */,
				E482263F25F66FEB00B9E749 /* DetectFaceController.swift in Sources */,
				E430208925F32DCB006228BE /* ARDetectFaceView.swift in Sources */,
			);
			runOnlyForDeploymentPostprocessing = 0;
		};
/* End PBXSourcesBuildPhase section */

/* Begin XCBuildConfiguration section */
		E430208125F32B49006228BE /* Debug */ = {
			isa = XCBuildConfiguration;
			buildSettings = {
				ALWAYS_SEARCH_USER_PATHS = NO;
				CLANG_ANALYZER_NONNULL = YES;
				CLANG_ANALYZER_NUMBER_OBJECT_CONVERSION = YES_AGGRESSIVE;
				CLANG_CXX_LANGUAGE_STANDARD = "gnu++14";
				CLANG_CXX_LIBRARY = "libc++";
				CLANG_ENABLE_MODULES = YES;
				CLANG_ENABLE_OBJC_ARC = YES;
				CLANG_ENABLE_OBJC_WEAK = YES;
				CLANG_WARN_BLOCK_CAPTURE_AUTORELEASING = YES;
				CLANG_WARN_BOOL_CONVERSION = YES;
				CLANG_WARN_COMMA = YES;
				CLANG_WARN_CONSTANT_CONVERSION = YES;
				CLANG_WARN_DEPRECATED_OBJC_IMPLEMENTATIONS = YES;
				CLANG_WARN_DIRECT_OBJC_ISA_USAGE = YES_ERROR;
				CLANG_WARN_DOCUMENTATION_COMMENTS = YES;
				CLANG_WARN_EMPTY_BODY = YES;
				CLANG_WARN_ENUM_CONVERSION = YES;
				CLANG_WARN_INFINITE_RECURSION = YES;
				CLANG_WARN_INT_CONVERSION = YES;
				CLANG_WARN_NON_LITERAL_NULL_CONVERSION = YES;
				CLANG_WARN_OBJC_IMPLICIT_RETAIN_SELF = YES;
				CLANG_WARN_OBJC_LITERAL_CONVERSION = YES;
				CLANG_WARN_OBJC_ROOT_CLASS = YES_ERROR;
				CLANG_WARN_QUOTED_INCLUDE_IN_FRAMEWORK_HEADER = YES;
				CLANG_WARN_RANGE_LOOP_ANALYSIS = YES;
				CLANG_WARN_STRICT_PROTOTYPES = YES;
				CLANG_WARN_SUSPICIOUS_MOVE = YES;
				CLANG_WARN_UNGUARDED_AVAILABILITY = YES_AGGRESSIVE;
				CLANG_WARN_UNREACHABLE_CODE = YES;
				CLANG_WARN__DUPLICATE_METHOD_MATCH = YES;
				COPY_PHASE_STRIP = NO;
				DEBUG_INFORMATION_FORMAT = dwarf;
				ENABLE_STRICT_OBJC_MSGSEND = YES;
				ENABLE_TESTABILITY = YES;
				GCC_C_LANGUAGE_STANDARD = gnu11;
				GCC_DYNAMIC_NO_PIC = NO;
				GCC_NO_COMMON_BLOCKS = YES;
				GCC_OPTIMIZATION_LEVEL = 0;
				GCC_PREPROCESSOR_DEFINITIONS = (
					"DEBUG=1",
					"$(inherited)",
				);
				GCC_WARN_64_TO_32_BIT_CONVERSION = YES;
				GCC_WARN_ABOUT_RETURN_TYPE = YES_ERROR;
				GCC_WARN_UNDECLARED_SELECTOR = YES;
				GCC_WARN_UNINITIALIZED_AUTOS = YES_AGGRESSIVE;
				GCC_WARN_UNUSED_FUNCTION = YES;
				GCC_WARN_UNUSED_VARIABLE = YES;
				IPHONEOS_DEPLOYMENT_TARGET = 14.4;
				MTL_ENABLE_DEBUG_INFO = INCLUDE_SOURCE;
				MTL_FAST_MATH = YES;
				ONLY_ACTIVE_ARCH = YES;
				SDKROOT = iphoneos;
				SWIFT_ACTIVE_COMPILATION_CONDITIONS = DEBUG;
				SWIFT_OPTIMIZATION_LEVEL = "-Onone";
			};
			name = Debug;
		};
		E430208225F32B49006228BE /* Release */ = {
			isa = XCBuildConfiguration;
			buildSettings = {
				ALWAYS_SEARCH_USER_PATHS = NO;
				CLANG_ANALYZER_NONNULL = YES;
				CLANG_ANALYZER_NUMBER_OBJECT_CONVERSION = YES_AGGRESSIVE;
				CLANG_CXX_LANGUAGE_STANDARD = "gnu++14";
				CLANG_CXX_LIBRARY = "libc++";
				CLANG_ENABLE_MODULES = YES;
				CLANG_ENABLE_OBJC_ARC = YES;
				CLANG_ENABLE_OBJC_WEAK = YES;
				CLANG_WARN_BLOCK_CAPTURE_AUTORELEASING = YES;
				CLANG_WARN_BOOL_CONVERSION = YES;
				CLANG_WARN_COMMA = YES;
				CLANG_WARN_CONSTANT_CONVERSION = YES;
				CLANG_WARN_DEPRECATED_OBJC_IMPLEMENTATIONS = YES;
				CLANG_WARN_DIRECT_OBJC_ISA_USAGE = YES_ERROR;
				CLANG_WARN_DOCUMENTATION_COMMENTS = YES;
				CLANG_WARN_EMPTY_BODY = YES;
				CLANG_WARN_ENUM_CONVERSION = YES;
				CLANG_WARN_INFINITE_RECURSION = YES;
				CLANG_WARN_INT_CONVERSION = YES;
				CLANG_WARN_NON_LITERAL_NULL_CONVERSION = YES;
				CLANG_WARN_OBJC_IMPLICIT_RETAIN_SELF = YES;
				CLANG_WARN_OBJC_LITERAL_CONVERSION = YES;
				CLANG_WARN_OBJC_ROOT_CLASS = YES_ERROR;
				CLANG_WARN_QUOTED_INCLUDE_IN_FRAMEWORK_HEADER = YES;
				CLANG_WARN_RANGE_LOOP_ANALYSIS = YES;
				CLANG_WARN_STRICT_PROTOTYPES = YES;
				CLANG_WARN_SUSPICIOUS_MOVE = YES;
				CLANG_WARN_UNGUARDED_AVAILABILITY = YES_AGGRESSIVE;
				CLANG_WARN_UNREACHABLE_CODE = YES;
				CLANG_WARN__DUPLICATE_METHOD_MATCH = YES;
				COPY_PHASE_STRIP = NO;
				DEBUG_INFORMATION_FORMAT = "dwarf-with-dsym";
				ENABLE_NS_ASSERTIONS = NO;
				ENABLE_STRICT_OBJC_MSGSEND = YES;
				GCC_C_LANGUAGE_STANDARD = gnu11;
				GCC_NO_COMMON_BLOCKS = YES;
				GCC_WARN_64_TO_32_BIT_CONVERSION = YES;
				GCC_WARN_ABOUT_RETURN_TYPE = YES_ERROR;
				GCC_WARN_UNDECLARED_SELECTOR = YES;
				GCC_WARN_UNINITIALIZED_AUTOS = YES_AGGRESSIVE;
				GCC_WARN_UNUSED_FUNCTION = YES;
				GCC_WARN_UNUSED_VARIABLE = YES;
				IPHONEOS_DEPLOYMENT_TARGET = 14.4;
				MTL_ENABLE_DEBUG_INFO = NO;
				MTL_FAST_MATH = YES;
				SDKROOT = iphoneos;
				SWIFT_COMPILATION_MODE = wholemodule;
				SWIFT_OPTIMIZATION_LEVEL = "-O";
				VALIDATE_PRODUCT = YES;
			};
			name = Release;
		};
		E430208425F32B49006228BE /* Debug */ = {
			isa = XCBuildConfiguration;
			buildSettings = {
				ASSETCATALOG_COMPILER_APPICON_NAME = AppIcon;
				ASSETCATALOG_COMPILER_GLOBAL_ACCENT_COLOR_NAME = AccentColor;
				CODE_SIGN_STYLE = Automatic;
				DEVELOPMENT_ASSET_PATHS = "\"DetectFacialexpressions/Preview Content\"";
				DEVELOPMENT_TEAM = 9HTDJYBR3N;
				ENABLE_PREVIEWS = YES;
				INFOPLIST_FILE = DetectFacialexpressions/Info.plist;
				LD_RUNPATH_SEARCH_PATHS = (
					"$(inherited)",
					"@executable_path/Frameworks",
				);
				PRODUCT_BUNDLE_IDENTIFIER = com.myar.DetectFacialexpressions;
				PRODUCT_NAME = "$(TARGET_NAME)";
				SWIFT_VERSION = 5.0;
				TARGETED_DEVICE_FAMILY = "1,2";
			};
			name = Debug;
		};
		E430208525F32B49006228BE /* Release */ = {
			isa = XCBuildConfiguration;
			buildSettings = {
				ASSETCATALOG_COMPILER_APPICON_NAME = AppIcon;
				ASSETCATALOG_COMPILER_GLOBAL_ACCENT_COLOR_NAME = AccentColor;
				CODE_SIGN_STYLE = Automatic;
				DEVELOPMENT_ASSET_PATHS = "\"DetectFacialexpressions/Preview Content\"";
				DEVELOPMENT_TEAM = 9HTDJYBR3N;
				ENABLE_PREVIEWS = YES;
				INFOPLIST_FILE = DetectFacialexpressions/Info.plist;
				LD_RUNPATH_SEARCH_PATHS = (
					"$(inherited)",
					"@executable_path/Frameworks",
				);
				PRODUCT_BUNDLE_IDENTIFIER = com.myar.DetectFacialexpressions;
				PRODUCT_NAME = "$(TARGET_NAME)";
				SWIFT_VERSION = 5.0;
				TARGETED_DEVICE_FAMILY = "1,2";
			};
			name = Release;
		};
/* End XCBuildConfiguration section */

/* Begin XCConfigurationList section */
		E430206D25F32B45006228BE /* Build configuration list for PBXProject "DetectFacialexpressions" */ = {
			isa = XCConfigurationList;
			buildConfigurations = (
				E430208125F32B49006228BE /* Debug */,
				E430208225F32B49006228BE /* Release */,
			);
			defaultConfigurationIsVisible = 0;
			defaultConfigurationName = Release;
		};
		E430208325F32B49006228BE /* Build configuration list for PBXNativeTarget "DetectFacialexpressions" */ = {
			isa = XCConfigurationList;
			buildConfigurations = (
				E430208425F32B49006228BE /* Debug */,
				E430208525F32B49006228BE /* Release */,
			);
			defaultConfigurationIsVisible = 0;
			defaultConfigurationName = Release;
		};
/* End XCConfigurationList section */
	};
	rootObject = E430206A25F32B45006228BE /* Project object */;
}
